
Microsoft Visual Studio Solution File, Format Version 11.00
# Visual Studio 2010
Project("{8BC9CEB8-8B4A-11D0-8D11-00A0C91BC942}") = "core", "core\core.vcxproj", "{083DF5F2-9F5A-4C1C-9A5F-9A109B1227F4}"
	ProjectSection(ProjectDependencies) = postProject
		{F489C13F-4989-48E2-AA57-FA4FEA4F9021} = {F489C13F-4989-48E2-AA57-FA4FEA4F9021}
		{7738DB66-1F07-4C44-876A-99D155B13C75} = {7738DB66-1F07-4C44-876A-99D155B13C75}
		{BC1056EB-9114-4D38-A101-54719CFBC37E} = {BC1056EB-9114-4D38-A101-54719CFBC37E}
	EndProjectSection
EndProject
Project("{8BC9CEB8-8B4A-11D0-8D11-00A0C91BC942}") = "freeglut_281", "dependencies\freeglut_281\freeglut_281.vcxproj", "{7738DB66-1F07-4C44-876A-99D155B13C75}"
EndProject
Project("{8BC9CEB8-8B4A-11D0-8D11-00A0C91BC942}") = "glew_190", "dependencies\glew_190\glew_190.vcxproj", "{F489C13F-4989-48E2-AA57-FA4FEA4F9021}"
EndProject
Project("{8BC9CEB8-8B4A-11D0-8D11-00A0C91BC942}") = "bumpmapping", "samples\bumpmapping\bumpmapping.vcxproj", "{167D5189-024B-458E-A950-51BD8A640DC5}"
	ProjectSection(ProjectDependencies) = postProject
		{F489C13F-4989-48E2-AA57-FA4FEA4F9021} = {F489C13F-4989-48E2-AA57-FA4FEA4F9021}
		{7738DB66-1F07-4C44-876A-99D155B13C75} = {7738DB66-1F07-4C44-876A-99D155B13C75}
		{78B079BD-9FC7-4B9E-B4A6-96DA0F00248B} = {78B079BD-9FC7-4B9E-B4A6-96DA0F00248B}
		{BC1056EB-9114-4D38-A101-54719CFBC37E} = {BC1056EB-9114-4D38-A101-54719CFBC37E}
		{083DF5F2-9F5A-4C1C-9A5F-9A109B1227F4} = {083DF5F2-9F5A-4C1C-9A5F-9A109B1227F4}
	EndProjectSection
EndProject
Project("{8BC9CEB8-8B4A-11D0-8D11-00A0C91BC942}") = "freetype_2411", "dependencies\freetype_2411\freetype.vcxproj", "{78B079BD-9FC7-4B9E-B4A6-96DA0F00248B}"
EndProject
Project("{8BC9CEB8-8B4A-11D0-8D11-00A0C91BC942}") = "assimp_301", "dependencies\assimp_301\assimp_301.vcxproj", "{BC1056EB-9114-4D38-A101-54719CFBC37E}"
EndProject
Project("{8BC9CEB8-8B4A-11D0-8D11-00A0C91BC942}") = "modelimport", "samples\modelimport\modelimport.vcxproj", "{5F408BFF-AE85-450D-9132-1D180264D3C0}"
	ProjectSection(ProjectDependencies) = postProject
		{F489C13F-4989-48E2-AA57-FA4FEA4F9021} = {F489C13F-4989-48E2-AA57-FA4FEA4F9021}
		{7738DB66-1F07-4C44-876A-99D155B13C75} = {7738DB66-1F07-4C44-876A-99D155B13C75}
		{78B079BD-9FC7-4B9E-B4A6-96DA0F00248B} = {78B079BD-9FC7-4B9E-B4A6-96DA0F00248B}
		{BC1056EB-9114-4D38-A101-54719CFBC37E} = {BC1056EB-9114-4D38-A101-54719CFBC37E}
		{083DF5F2-9F5A-4C1C-9A5F-9A109B1227F4} = {083DF5F2-9F5A-4C1C-9A5F-9A109B1227F4}
	EndProjectSection
EndProject
Project("{8BC9CEB8-8B4A-11D0-8D11-00A0C91BC942}") = "ssao", "samples\ssao\ssao.vcxproj", "{4FE0AFAD-807F-408E-8395-986FB816EFFE}"
	ProjectSection(ProjectDependencies) = postProject
		{F489C13F-4989-48E2-AA57-FA4FEA4F9021} = {F489C13F-4989-48E2-AA57-FA4FEA4F9021}
		{7738DB66-1F07-4C44-876A-99D155B13C75} = {7738DB66-1F07-4C44-876A-99D155B13C75}
		{9B5EFCA5-C629-480E-A50A-C7CC7F46A40E} = {9B5EFCA5-C629-480E-A50A-C7CC7F46A40E}
		{78B079BD-9FC7-4B9E-B4A6-96DA0F00248B} = {78B079BD-9FC7-4B9E-B4A6-96DA0F00248B}
		{BC1056EB-9114-4D38-A101-54719CFBC37E} = {BC1056EB-9114-4D38-A101-54719CFBC37E}
		{083DF5F2-9F5A-4C1C-9A5F-9A109B1227F4} = {083DF5F2-9F5A-4C1C-9A5F-9A109B1227F4}
	EndProjectSection
EndProject
Project("{2150E333-8FDC-42A3-9474-1A3956D46DE8}") = "samples", "samples", "{140A0EC4-33DD-4115-BC65-1053C94449CF}"
EndProject
Project("{2150E333-8FDC-42A3-9474-1A3956D46DE8}") = "dependencies", "dependencies", "{B34FA0D0-A0EE-40E1-8DF3-CB052F523E5D}"
EndProject
Project("{8BC9CEB8-8B4A-11D0-8D11-00A0C91BC942}") = "bumpmapping2", "samples\bumpmapping2\bumpmapping2.vcxproj", "{BFDB323A-A32F-44C8-B446-5F95DEBD8975}"
	ProjectSection(ProjectDependencies) = postProject
		{F489C13F-4989-48E2-AA57-FA4FEA4F9021} = {F489C13F-4989-48E2-AA57-FA4FEA4F9021}
		{7738DB66-1F07-4C44-876A-99D155B13C75} = {7738DB66-1F07-4C44-876A-99D155B13C75}
		{78B079BD-9FC7-4B9E-B4A6-96DA0F00248B} = {78B079BD-9FC7-4B9E-B4A6-96DA0F00248B}
		{BC1056EB-9114-4D38-A101-54719CFBC37E} = {BC1056EB-9114-4D38-A101-54719CFBC37E}
		{083DF5F2-9F5A-4C1C-9A5F-9A109B1227F4} = {083DF5F2-9F5A-4C1C-9A5F-9A109B1227F4}
	EndProjectSection
EndProject
Project("{8BC9CEB8-8B4A-11D0-8D11-00A0C91BC942}") = "deferredrendering", "samples\deferredrendering\deferredrendering.vcxproj", "{9B5EFCA5-C629-480E-A50A-C7CC7F46A40E}"
	ProjectSection(ProjectDependencies) = postProject
		{F489C13F-4989-48E2-AA57-FA4FEA4F9021} = {F489C13F-4989-48E2-AA57-FA4FEA4F9021}
		{7738DB66-1F07-4C44-876A-99D155B13C75} = {7738DB66-1F07-4C44-876A-99D155B13C75}
		{78B079BD-9FC7-4B9E-B4A6-96DA0F00248B} = {78B079BD-9FC7-4B9E-B4A6-96DA0F00248B}
		{BC1056EB-9114-4D38-A101-54719CFBC37E} = {BC1056EB-9114-4D38-A101-54719CFBC37E}
		{083DF5F2-9F5A-4C1C-9A5F-9A109B1227F4} = {083DF5F2-9F5A-4C1C-9A5F-9A109B1227F4}
	EndProjectSection
EndProject
Global
	GlobalSection(SolutionConfigurationPlatforms) = preSolution
		Debug_FFP|Win32 = Debug_FFP|Win32
		Debug|Win32 = Debug|Win32
		Release|Win32 = Release|Win32
	EndGlobalSection
	GlobalSection(ProjectConfigurationPlatforms) = postSolution
		{083DF5F2-9F5A-4C1C-9A5F-9A109B1227F4}.Debug_FFP|Win32.ActiveCfg = Debug_FFP|Win32
		{083DF5F2-9F5A-4C1C-9A5F-9A109B1227F4}.Debug_FFP|Win32.Build.0 = Debug_FFP|Win32
		{083DF5F2-9F5A-4C1C-9A5F-9A109B1227F4}.Debug|Win32.ActiveCfg = Debug|Win32
		{083DF5F2-9F5A-4C1C-9A5F-9A109B1227F4}.Debug|Win32.Build.0 = Debug|Win32
		{083DF5F2-9F5A-4C1C-9A5F-9A109B1227F4}.Release|Win32.ActiveCfg = Release|Win32
		{083DF5F2-9F5A-4C1C-9A5F-9A109B1227F4}.Release|Win32.Build.0 = Release|Win32
		{7738DB66-1F07-4C44-876A-99D155B13C75}.Debug_FFP|Win32.ActiveCfg = Debug_FFP|Win32
		{7738DB66-1F07-4C44-876A-99D155B13C75}.Debug_FFP|Win32.Build.0 = Debug_FFP|Win32
		{7738DB66-1F07-4C44-876A-99D155B13C75}.Debug|Win32.ActiveCfg = Debug|Win32
		{7738DB66-1F07-4C44-876A-99D155B13C75}.Debug|Win32.Build.0 = Debug|Win32
		{7738DB66-1F07-4C44-876A-99D155B13C75}.Release|Win32.ActiveCfg = Release|Win32
		{7738DB66-1F07-4C44-876A-99D155B13C75}.Release|Win32.Build.0 = Release|Win32
		{F489C13F-4989-48E2-AA57-FA4FEA4F9021}.Debug_FFP|Win32.ActiveCfg = Debug_FFP|Win32
		{F489C13F-4989-48E2-AA57-FA4FEA4F9021}.Debug_FFP|Win32.Build.0 = Debug_FFP|Win32
		{F489C13F-4989-48E2-AA57-FA4FEA4F9021}.Debug|Win32.ActiveCfg = Debug|Win32
		{F489C13F-4989-48E2-AA57-FA4FEA4F9021}.Debug|Win32.Build.0 = Debug|Win32
		{F489C13F-4989-48E2-AA57-FA4FEA4F9021}.Release|Win32.ActiveCfg = Release|Win32
		{F489C13F-4989-48E2-AA57-FA4FEA4F9021}.Release|Win32.Build.0 = Release|Win32
		{167D5189-024B-458E-A950-51BD8A640DC5}.Debug_FFP|Win32.ActiveCfg = Debug_FFP|Win32
		{167D5189-024B-458E-A950-51BD8A640DC5}.Debug_FFP|Win32.Build.0 = Debug_FFP|Win32
		{167D5189-024B-458E-A950-51BD8A640DC5}.Debug|Win32.ActiveCfg = Debug|Win32
		{167D5189-024B-458E-A950-51BD8A640DC5}.Debug|Win32.Build.0 = Debug|Win32
		{167D5189-024B-458E-A950-51BD8A640DC5}.Release|Win32.ActiveCfg = Release|Win32
		{167D5189-024B-458E-A950-51BD8A640DC5}.Release|Win32.Build.0 = Release|Win32
		{78B079BD-9FC7-4B9E-B4A6-96DA0F00248B}.Debug_FFP|Win32.ActiveCfg = Debug_FFP|Win32
		{78B079BD-9FC7-4B9E-B4A6-96DA0F00248B}.Debug_FFP|Win32.Build.0 = Debug_FFP|Win32
		{78B079BD-9FC7-4B9E-B4A6-96DA0F00248B}.Debug|Win32.ActiveCfg = Debug|Win32
		{78B079BD-9FC7-4B9E-B4A6-96DA0F00248B}.Debug|Win32.Build.0 = Debug|Win32
		{78B079BD-9FC7-4B9E-B4A6-96DA0F00248B}.Release|Win32.ActiveCfg = Release|Win32
		{78B079BD-9FC7-4B9E-B4A6-96DA0F00248B}.Release|Win32.Build.0 = Release|Win32
		{BC1056EB-9114-4D38-A101-54719CFBC37E}.Debug_FFP|Win32.ActiveCfg = Debug_FFP|Win32
		{BC1056EB-9114-4D38-A101-54719CFBC37E}.Debug_FFP|Win32.Build.0 = Debug_FFP|Win32
		{BC1056EB-9114-4D38-A101-54719CFBC37E}.Debug|Win32.ActiveCfg = Debug|Win32
		{BC1056EB-9114-4D38-A101-54719CFBC37E}.Debug|Win32.Build.0 = Debug|Win32
		{BC1056EB-9114-4D38-A101-54719CFBC37E}.Release|Win32.ActiveCfg = Release|Win32
		{BC1056EB-9114-4D38-A101-54719CFBC37E}.Release|Win32.Build.0 = Release|Win32
		{5F408BFF-AE85-450D-9132-1D180264D3C0}.Debug_FFP|Win32.ActiveCfg = Debug_FFP|Win32
		{5F408BFF-AE85-450D-9132-1D180264D3C0}.Debug_FFP|Win32.Build.0 = Debug_FFP|Win32
		{5F408BFF-AE85-450D-9132-1D180264D3C0}.Debug|Win32.ActiveCfg = Debug|Win32
		{5F408BFF-AE85-450D-9132-1D180264D3C0}.Debug|Win32.Build.0 = Debug|Win32
		{5F408BFF-AE85-450D-9132-1D180264D3C0}.Release|Win32.ActiveCfg = Release|Win32
		{5F408BFF-AE85-450D-9132-1D180264D3C0}.Release|Win32.Build.0 = Release|Win32
		{4FE0AFAD-807F-408E-8395-986FB816EFFE}.Debug_FFP|Win32.ActiveCfg = Debug_FFP|Win32
		{4FE0AFAD-807F-408E-8395-986FB816EFFE}.Debug_FFP|Win32.Build.0 = Debug_FFP|Win32
		{4FE0AFAD-807F-408E-8395-986FB816EFFE}.Debug|Win32.ActiveCfg = Debug|Win32
		{4FE0AFAD-807F-408E-8395-986FB816EFFE}.Debug|Win32.Build.0 = Debug|Win32
		{4FE0AFAD-807F-408E-8395-986FB816EFFE}.Release|Win32.ActiveCfg = Release|Win32
		{4FE0AFAD-807F-408E-8395-986FB816EFFE}.Release|Win32.Build.0 = Release|Win32
		{BFDB323A-A32F-44C8-B446-5F95DEBD8975}.Debug_FFP|Win32.ActiveCfg = Debug_FFP|Win32
		{BFDB323A-A32F-44C8-B446-5F95DEBD8975}.Debug_FFP|Win32.Build.0 = Debug_FFP|Win32
		{BFDB323A-A32F-44C8-B446-5F95DEBD8975}.Debug|Win32.ActiveCfg = Debug|Win32
		{BFDB323A-A32F-44C8-B446-5F95DEBD8975}.Debug|Win32.Build.0 = Debug|Win32
		{BFDB323A-A32F-44C8-B446-5F95DEBD8975}.Release|Win32.ActiveCfg = Release|Win32
		{BFDB323A-A32F-44C8-B446-5F95DEBD8975}.Release|Win32.Build.0 = Release|Win32
		{9B5EFCA5-C629-480E-A50A-C7CC7F46A40E}.Debug_FFP|Win32.ActiveCfg = Debug_FFP|Win32
		{9B5EFCA5-C629-480E-A50A-C7CC7F46A40E}.Debug_FFP|Win32.Build.0 = Debug_FFP|Win32
		{9B5EFCA5-C629-480E-A50A-C7CC7F46A40E}.Debug|Win32.ActiveCfg = Debug|Win32
		{9B5EFCA5-C629-480E-A50A-C7CC7F46A40E}.Debug|Win32.Build.0 = Debug|Win32
		{9B5EFCA5-C629-480E-A50A-C7CC7F46A40E}.Release|Win32.ActiveCfg = Release|Win32
		{9B5EFCA5-C629-480E-A50A-C7CC7F46A40E}.Release|Win32.Build.0 = Release|Win32
	EndGlobalSection
	GlobalSection(SolutionProperties) = preSolution
		HideSolutionNode = FALSE
	EndGlobalSection
	GlobalSection(NestedProjects) = preSolution
		{F489C13F-4989-48E2-AA57-FA4FEA4F9021} = {B34FA0D0-A0EE-40E1-8DF3-CB052F523E5D}
		{78B079BD-9FC7-4B9E-B4A6-96DA0F00248B} = {B34FA0D0-A0EE-40E1-8DF3-CB052F523E5D}
		{BC1056EB-9114-4D38-A101-54719CFBC37E} = {B34FA0D0-A0EE-40E1-8DF3-CB052F523E5D}
		{7738DB66-1F07-4C44-876A-99D155B13C75} = {B34FA0D0-A0EE-40E1-8DF3-CB052F523E5D}
		{5F408BFF-AE85-450D-9132-1D180264D3C0} = {140A0EC4-33DD-4115-BC65-1053C94449CF}
		{4FE0AFAD-807F-408E-8395-986FB816EFFE} = {140A0EC4-33DD-4115-BC65-1053C94449CF}
		{167D5189-024B-458E-A950-51BD8A640DC5} = {140A0EC4-33DD-4115-BC65-1053C94449CF}
		{BFDB323A-A32F-44C8-B446-5F95DEBD8975} = {140A0EC4-33DD-4115-BC65-1053C94449CF}
		{9B5EFCA5-C629-480E-A50A-C7CC7F46A40E} = {140A0EC4-33DD-4115-BC65-1053C94449CF}
	EndGlobalSection
EndGlobal
