
Microsoft Visual Studio Solution File, Format Version 11.00
# Visual Studio 2010
Project("{8BC9CEB8-8B4A-11D0-8D11-00A0C91BC942}") = "core", "core\core.vcxproj", "{083DF5F2-9F5A-4C1C-9A5F-9A109B1227F4}"
	ProjectSection(ProjectDependencies) = postProject
		{F489C13F-4989-48E2-AA57-FA4FEA4F9021} = {F489C13F-4989-48E2-AA57-FA4FEA4F9021}
		{7738DB66-1F07-4C44-876A-99D155B13C75} = {7738DB66-1F07-4C44-876A-99D155B13C75}
	EndProjectSection
EndProject
Project("{8BC9CEB8-8B4A-11D0-8D11-00A0C91BC942}") = "freeglut_281", "dependencies\freeglut_281\freeglut_281.vcxproj", "{7738DB66-1F07-4C44-876A-99D155B13C75}"
EndProject
Project("{8BC9CEB8-8B4A-11D0-8D11-00A0C91BC942}") = "glew_190", "dependencies\glew_190\glew_190.vcxproj", "{F489C13F-4989-48E2-AA57-FA4FEA4F9021}"
EndProject
Project("{8BC9CEB8-8B4A-11D0-8D11-00A0C91BC942}") = "color", "color\color.vcxproj", "{A8EB4D68-58D9-43B4-A832-46145012B11E}"
	ProjectSection(ProjectDependencies) = postProject
		{F489C13F-4989-48E2-AA57-FA4FEA4F9021} = {F489C13F-4989-48E2-AA57-FA4FEA4F9021}
		{7738DB66-1F07-4C44-876A-99D155B13C75} = {7738DB66-1F07-4C44-876A-99D155B13C75}
		{083DF5F2-9F5A-4C1C-9A5F-9A109B1227F4} = {083DF5F2-9F5A-4C1C-9A5F-9A109B1227F4}
	EndProjectSection
EndProject
Project("{8BC9CEB8-8B4A-11D0-8D11-00A0C91BC942}") = "colorchecker", "samples\colorchecker\colorchecker.vcxproj", "{FADE01C1-5831-4ED9-8A39-96C08561EBB6}"
	ProjectSection(ProjectDependencies) = postProject
		{2831CE36-3875-4C5B-A282-87BF5A949009} = {2831CE36-3875-4C5B-A282-87BF5A949009}
		{F489C13F-4989-48E2-AA57-FA4FEA4F9021} = {F489C13F-4989-48E2-AA57-FA4FEA4F9021}
		{7738DB66-1F07-4C44-876A-99D155B13C75} = {7738DB66-1F07-4C44-876A-99D155B13C75}
		{A8EB4D68-58D9-43B4-A832-46145012B11E} = {A8EB4D68-58D9-43B4-A832-46145012B11E}
		{6E3B8D99-2581-4A48-B20C-6782EA864546} = {6E3B8D99-2581-4A48-B20C-6782EA864546}
		{78B079BD-9FC7-4B9E-B4A6-96DA0F00248B} = {78B079BD-9FC7-4B9E-B4A6-96DA0F00248B}
		{083DF5F2-9F5A-4C1C-9A5F-9A109B1227F4} = {083DF5F2-9F5A-4C1C-9A5F-9A109B1227F4}
	EndProjectSection
EndProject
Project("{8BC9CEB8-8B4A-11D0-8D11-00A0C91BC942}") = "libpng_161", "dependencies\libpng_161\libpng_161.vcxproj", "{2831CE36-3875-4C5B-A282-87BF5A949009}"
EndProject
Project("{8BC9CEB8-8B4A-11D0-8D11-00A0C91BC942}") = "zlib_127", "dependencies\zlib_127\zlib_127.vcxproj", "{6E3B8D99-2581-4A48-B20C-6782EA864546}"
EndProject
Project("{8BC9CEB8-8B4A-11D0-8D11-00A0C91BC942}") = "bumpmapping", "samples\bumpmapping\bumpmapping.vcxproj", "{167D5189-024B-458E-A950-51BD8A640DC5}"
	ProjectSection(ProjectDependencies) = postProject
		{E9CA6F09-5BA0-4F48-8CA5-637FEC8CA392} = {E9CA6F09-5BA0-4F48-8CA5-637FEC8CA392}
		{2831CE36-3875-4C5B-A282-87BF5A949009} = {2831CE36-3875-4C5B-A282-87BF5A949009}
		{F489C13F-4989-48E2-AA57-FA4FEA4F9021} = {F489C13F-4989-48E2-AA57-FA4FEA4F9021}
		{7738DB66-1F07-4C44-876A-99D155B13C75} = {7738DB66-1F07-4C44-876A-99D155B13C75}
		{6E3B8D99-2581-4A48-B20C-6782EA864546} = {6E3B8D99-2581-4A48-B20C-6782EA864546}
		{78B079BD-9FC7-4B9E-B4A6-96DA0F00248B} = {78B079BD-9FC7-4B9E-B4A6-96DA0F00248B}
		{083DF5F2-9F5A-4C1C-9A5F-9A109B1227F4} = {083DF5F2-9F5A-4C1C-9A5F-9A109B1227F4}
	EndProjectSection
EndProject
Project("{8BC9CEB8-8B4A-11D0-8D11-00A0C91BC942}") = "image", "image\image.vcxproj", "{E9CA6F09-5BA0-4F48-8CA5-637FEC8CA392}"
	ProjectSection(ProjectDependencies) = postProject
		{2831CE36-3875-4C5B-A282-87BF5A949009} = {2831CE36-3875-4C5B-A282-87BF5A949009}
		{6E3B8D99-2581-4A48-B20C-6782EA864546} = {6E3B8D99-2581-4A48-B20C-6782EA864546}
	EndProjectSection
EndProject
Project("{8BC9CEB8-8B4A-11D0-8D11-00A0C91BC942}") = "freetype_2411", "dependencies\freetype_2411\freetype.vcxproj", "{78B079BD-9FC7-4B9E-B4A6-96DA0F00248B}"
EndProject
Project("{8BC9CEB8-8B4A-11D0-8D11-00A0C91BC942}") = "bsplines", "samples\bsplines\bsplines.vcxproj", "{06C71618-654A-40CE-AE7E-237A880A341A}"
	ProjectSection(ProjectDependencies) = postProject
		{2831CE36-3875-4C5B-A282-87BF5A949009} = {2831CE36-3875-4C5B-A282-87BF5A949009}
		{F489C13F-4989-48E2-AA57-FA4FEA4F9021} = {F489C13F-4989-48E2-AA57-FA4FEA4F9021}
		{7738DB66-1F07-4C44-876A-99D155B13C75} = {7738DB66-1F07-4C44-876A-99D155B13C75}
		{28254470-4EEA-4A53-9793-F828136B0C3F} = {28254470-4EEA-4A53-9793-F828136B0C3F}
		{6E3B8D99-2581-4A48-B20C-6782EA864546} = {6E3B8D99-2581-4A48-B20C-6782EA864546}
		{78B079BD-9FC7-4B9E-B4A6-96DA0F00248B} = {78B079BD-9FC7-4B9E-B4A6-96DA0F00248B}
		{083DF5F2-9F5A-4C1C-9A5F-9A109B1227F4} = {083DF5F2-9F5A-4C1C-9A5F-9A109B1227F4}
	EndProjectSection
EndProject
Project("{8BC9CEB8-8B4A-11D0-8D11-00A0C91BC942}") = "surfaces", "surfaces\surfaces.vcxproj", "{28254470-4EEA-4A53-9793-F828136B0C3F}"
EndProject
Global
	GlobalSection(SolutionConfigurationPlatforms) = preSolution
		Debug_FFP|Win32 = Debug_FFP|Win32
		Debug|Win32 = Debug|Win32
		Release|Win32 = Release|Win32
	EndGlobalSection
	GlobalSection(ProjectConfigurationPlatforms) = postSolution
		{083DF5F2-9F5A-4C1C-9A5F-9A109B1227F4}.Debug_FFP|Win32.ActiveCfg = Debug_FFP|Win32
		{083DF5F2-9F5A-4C1C-9A5F-9A109B1227F4}.Debug_FFP|Win32.Build.0 = Debug_FFP|Win32
		{083DF5F2-9F5A-4C1C-9A5F-9A109B1227F4}.Debug|Win32.ActiveCfg = Debug|Win32
		{083DF5F2-9F5A-4C1C-9A5F-9A109B1227F4}.Debug|Win32.Build.0 = Debug|Win32
		{083DF5F2-9F5A-4C1C-9A5F-9A109B1227F4}.Release|Win32.ActiveCfg = Release|Win32
		{083DF5F2-9F5A-4C1C-9A5F-9A109B1227F4}.Release|Win32.Build.0 = Release|Win32
		{7738DB66-1F07-4C44-876A-99D155B13C75}.Debug_FFP|Win32.ActiveCfg = Debug_FFP|Win32
		{7738DB66-1F07-4C44-876A-99D155B13C75}.Debug_FFP|Win32.Build.0 = Debug_FFP|Win32
		{7738DB66-1F07-4C44-876A-99D155B13C75}.Debug|Win32.ActiveCfg = Debug|Win32
		{7738DB66-1F07-4C44-876A-99D155B13C75}.Debug|Win32.Build.0 = Debug|Win32
		{7738DB66-1F07-4C44-876A-99D155B13C75}.Release|Win32.ActiveCfg = Release|Win32
		{7738DB66-1F07-4C44-876A-99D155B13C75}.Release|Win32.Build.0 = Release|Win32
		{F489C13F-4989-48E2-AA57-FA4FEA4F9021}.Debug_FFP|Win32.ActiveCfg = Debug_FFP|Win32
		{F489C13F-4989-48E2-AA57-FA4FEA4F9021}.Debug_FFP|Win32.Build.0 = Debug_FFP|Win32
		{F489C13F-4989-48E2-AA57-FA4FEA4F9021}.Debug|Win32.ActiveCfg = Debug|Win32
		{F489C13F-4989-48E2-AA57-FA4FEA4F9021}.Debug|Win32.Build.0 = Debug|Win32
		{F489C13F-4989-48E2-AA57-FA4FEA4F9021}.Release|Win32.ActiveCfg = Release|Win32
		{F489C13F-4989-48E2-AA57-FA4FEA4F9021}.Release|Win32.Build.0 = Release|Win32
		{A8EB4D68-58D9-43B4-A832-46145012B11E}.Debug_FFP|Win32.ActiveCfg = Debug_FFP|Win32
		{A8EB4D68-58D9-43B4-A832-46145012B11E}.Debug_FFP|Win32.Build.0 = Debug_FFP|Win32
		{A8EB4D68-58D9-43B4-A832-46145012B11E}.Debug|Win32.ActiveCfg = Debug|Win32
		{A8EB4D68-58D9-43B4-A832-46145012B11E}.Debug|Win32.Build.0 = Debug|Win32
		{A8EB4D68-58D9-43B4-A832-46145012B11E}.Release|Win32.ActiveCfg = Release|Win32
		{A8EB4D68-58D9-43B4-A832-46145012B11E}.Release|Win32.Build.0 = Release|Win32
		{FADE01C1-5831-4ED9-8A39-96C08561EBB6}.Debug_FFP|Win32.ActiveCfg = Debug_FFP|Win32
		{FADE01C1-5831-4ED9-8A39-96C08561EBB6}.Debug_FFP|Win32.Build.0 = Debug_FFP|Win32
		{FADE01C1-5831-4ED9-8A39-96C08561EBB6}.Debug|Win32.ActiveCfg = Debug|Win32
		{FADE01C1-5831-4ED9-8A39-96C08561EBB6}.Debug|Win32.Build.0 = Debug|Win32
		{FADE01C1-5831-4ED9-8A39-96C08561EBB6}.Release|Win32.ActiveCfg = Release|Win32
		{FADE01C1-5831-4ED9-8A39-96C08561EBB6}.Release|Win32.Build.0 = Release|Win32
		{2831CE36-3875-4C5B-A282-87BF5A949009}.Debug_FFP|Win32.ActiveCfg = Debug_FFP|Win32
		{2831CE36-3875-4C5B-A282-87BF5A949009}.Debug_FFP|Win32.Build.0 = Debug_FFP|Win32
		{2831CE36-3875-4C5B-A282-87BF5A949009}.Debug|Win32.ActiveCfg = Debug|Win32
		{2831CE36-3875-4C5B-A282-87BF5A949009}.Debug|Win32.Build.0 = Debug|Win32
		{2831CE36-3875-4C5B-A282-87BF5A949009}.Release|Win32.ActiveCfg = Release|Win32
		{2831CE36-3875-4C5B-A282-87BF5A949009}.Release|Win32.Build.0 = Release|Win32
		{6E3B8D99-2581-4A48-B20C-6782EA864546}.Debug_FFP|Win32.ActiveCfg = Debug_FFP|Win32
		{6E3B8D99-2581-4A48-B20C-6782EA864546}.Debug_FFP|Win32.Build.0 = Debug_FFP|Win32
		{6E3B8D99-2581-4A48-B20C-6782EA864546}.Debug|Win32.ActiveCfg = Debug|Win32
		{6E3B8D99-2581-4A48-B20C-6782EA864546}.Debug|Win32.Build.0 = Debug|Win32
		{6E3B8D99-2581-4A48-B20C-6782EA864546}.Release|Win32.ActiveCfg = Release|Win32
		{6E3B8D99-2581-4A48-B20C-6782EA864546}.Release|Win32.Build.0 = Release|Win32
		{167D5189-024B-458E-A950-51BD8A640DC5}.Debug_FFP|Win32.ActiveCfg = Debug_FFP|Win32
		{167D5189-024B-458E-A950-51BD8A640DC5}.Debug_FFP|Win32.Build.0 = Debug_FFP|Win32
		{167D5189-024B-458E-A950-51BD8A640DC5}.Debug|Win32.ActiveCfg = Debug|Win32
		{167D5189-024B-458E-A950-51BD8A640DC5}.Debug|Win32.Build.0 = Debug|Win32
		{167D5189-024B-458E-A950-51BD8A640DC5}.Release|Win32.ActiveCfg = Release|Win32
		{167D5189-024B-458E-A950-51BD8A640DC5}.Release|Win32.Build.0 = Release|Win32
		{E9CA6F09-5BA0-4F48-8CA5-637FEC8CA392}.Debug_FFP|Win32.ActiveCfg = Debug_FFP|Win32
		{E9CA6F09-5BA0-4F48-8CA5-637FEC8CA392}.Debug_FFP|Win32.Build.0 = Debug_FFP|Win32
		{E9CA6F09-5BA0-4F48-8CA5-637FEC8CA392}.Debug|Win32.ActiveCfg = Debug|Win32
		{E9CA6F09-5BA0-4F48-8CA5-637FEC8CA392}.Debug|Win32.Build.0 = Debug|Win32
		{E9CA6F09-5BA0-4F48-8CA5-637FEC8CA392}.Release|Win32.ActiveCfg = Release|Win32
		{E9CA6F09-5BA0-4F48-8CA5-637FEC8CA392}.Release|Win32.Build.0 = Release|Win32
		{78B079BD-9FC7-4B9E-B4A6-96DA0F00248B}.Debug_FFP|Win32.ActiveCfg = Debug_FFP|Win32
		{78B079BD-9FC7-4B9E-B4A6-96DA0F00248B}.Debug_FFP|Win32.Build.0 = Debug_FFP|Win32
		{78B079BD-9FC7-4B9E-B4A6-96DA0F00248B}.Debug|Win32.ActiveCfg = Debug|Win32
		{78B079BD-9FC7-4B9E-B4A6-96DA0F00248B}.Debug|Win32.Build.0 = Debug|Win32
		{78B079BD-9FC7-4B9E-B4A6-96DA0F00248B}.Release|Win32.ActiveCfg = Release|Win32
		{78B079BD-9FC7-4B9E-B4A6-96DA0F00248B}.Release|Win32.Build.0 = Release|Win32
		{06C71618-654A-40CE-AE7E-237A880A341A}.Debug_FFP|Win32.ActiveCfg = Debug|Win32
		{06C71618-654A-40CE-AE7E-237A880A341A}.Debug_FFP|Win32.Build.0 = Debug|Win32
		{06C71618-654A-40CE-AE7E-237A880A341A}.Debug|Win32.ActiveCfg = Debug|Win32
		{06C71618-654A-40CE-AE7E-237A880A341A}.Debug|Win32.Build.0 = Debug|Win32
		{06C71618-654A-40CE-AE7E-237A880A341A}.Release|Win32.ActiveCfg = Release|Win32
		{06C71618-654A-40CE-AE7E-237A880A341A}.Release|Win32.Build.0 = Release|Win32
		{28254470-4EEA-4A53-9793-F828136B0C3F}.Debug_FFP|Win32.ActiveCfg = Debug|Win32
		{28254470-4EEA-4A53-9793-F828136B0C3F}.Debug_FFP|Win32.Build.0 = Debug|Win32
		{28254470-4EEA-4A53-9793-F828136B0C3F}.Debug|Win32.ActiveCfg = Debug|Win32
		{28254470-4EEA-4A53-9793-F828136B0C3F}.Debug|Win32.Build.0 = Debug|Win32
		{28254470-4EEA-4A53-9793-F828136B0C3F}.Release|Win32.ActiveCfg = Release|Win32
		{28254470-4EEA-4A53-9793-F828136B0C3F}.Release|Win32.Build.0 = Release|Win32
	EndGlobalSection
	GlobalSection(SolutionProperties) = preSolution
		HideSolutionNode = FALSE
	EndGlobalSection
EndGlobal
