<?xml version="1.0" encoding="utf-8"?>
<Project ToolsVersion="4.0" xmlns="http://schemas.microsoft.com/developer/msbuild/2003">
  <ItemGroup>
    <Filter Include="Source Files">
      <UniqueIdentifier>{4FC737F1-C7A5-4376-A066-2A32D752A2FF}</UniqueIdentifier>
      <Extensions>cpp;c;cc;cxx;def;odl;idl;hpj;bat;asm;asmx</Extensions>
    </Filter>
    <Filter Include="Header Files">
      <UniqueIdentifier>{93995380-89BD-4b04-88EB-625FBE52EBFB}</UniqueIdentifier>
      <Extensions>h;hpp;hxx;hm;inl;inc;xsd</Extensions>
    </Filter>
    <Filter Include="Shader Files">
      <UniqueIdentifier>{080391bc-bb16-4689-9731-870133286e47}</UniqueIdentifier>
      <Extensions>glsl;vert;frag</Extensions>
    </Filter>
    <Filter Include="Shader Files\Deferred">
      <UniqueIdentifier>{75708755-8b2a-4b84-bd64-f1ad94928048}</UniqueIdentifier>
    </Filter>
  </ItemGroup>
  <ItemGroup>
    <ClInclude Include="include\Application.h">
      <Filter>Header Files</Filter>
    </ClInclude>
    <ClInclude Include="include\Camera.h">
      <Filter>Header Files</Filter>
    </ClInclude>
    <ClInclude Include="include\Exception.h">
      <Filter>Header Files</Filter>
    </ClInclude>
    <ClInclude Include="include\FileReader.h">
      <Filter>Header Files</Filter>
    </ClInclude>
    <ClInclude Include="include\IOExceptions.h">
      <Filter>Header Files</Filter>
    </ClInclude>
    <ClInclude Include="include\Material.h">
      <Filter>Header Files</Filter>
    </ClInclude>
    <ClInclude Include="include\OpenGLExceptions.h">
      <Filter>Header Files</Filter>
    </ClInclude>
    <ClInclude Include="include\Random.h">
      <Filter>Header Files</Filter>
    </ClInclude>
    <ClInclude Include="include\Shader.h">
      <Filter>Header Files</Filter>
    </ClInclude>
    <ClInclude Include="include\ShaderSource.h">
      <Filter>Header Files</Filter>
    </ClInclude>
    <ClInclude Include="include\StandardGeometries.h">
      <Filter>Header Files</Filter>
    </ClInclude>
    <ClInclude Include="include\StringUtils.h">
      <Filter>Header Files</Filter>
    </ClInclude>
    <ClInclude Include="include\Texture.h">
      <Filter>Header Files</Filter>
    </ClInclude>
    <ClInclude Include="include\Timer.h">
      <Filter>Header Files</Filter>
    </ClInclude>
    <ClInclude Include="include\ShaderRegistry.h">
      <Filter>Header Files</Filter>
    </ClInclude>
    <ClInclude Include="include\Directory.h">
      <Filter>Header Files</Filter>
    </ClInclude>
    <ClInclude Include="include\Light.h">
      <Filter>Header Files</Filter>
    </ClInclude>
    <ClInclude Include="include\Font.h">
      <Filter>Header Files</Filter>
    </ClInclude>
    <ClInclude Include="include\FontRegistry.h">
      <Filter>Header Files</Filter>
    </ClInclude>
    <ClInclude Include="include\LineStrip.h">
      <Filter>Header Files</Filter>
    </ClInclude>
    <ClInclude Include="include\KeyCode.h">
      <Filter>Header Files</Filter>
    </ClInclude>
    <ClInclude Include="include\MathT.h">
      <Filter>Header Files</Filter>
    </ClInclude>
    <ClInclude Include="include\Points.h">
      <Filter>Header Files</Filter>
    </ClInclude>
    <ClInclude Include="include\MouseButton.h">
      <Filter>Header Files</Filter>
    </ClInclude>
    <ClInclude Include="include\Input.h">
      <Filter>Header Files</Filter>
    </ClInclude>
    <ClInclude Include="include\FirstPersonCameraController.h">
      <Filter>Header Files</Filter>
    </ClInclude>
    <ClInclude Include="include\GameObject.h">
      <Filter>Header Files</Filter>
    </ClInclude>
    <ClInclude Include="include\Transform.h">
      <Filter>Header Files</Filter>
    </ClInclude>
    <ClInclude Include="include\Component.h">
      <Filter>Header Files</Filter>
    </ClInclude>
    <ClInclude Include="include\Renderer.h">
      <Filter>Header Files</Filter>
    </ClInclude>
    <ClInclude Include="include\PointsRenderer.h">
      <Filter>Header Files</Filter>
    </ClInclude>
    <ClInclude Include="include\Behaviour.h">
      <Filter>Header Files</Filter>
    </ClInclude>
    <ClInclude Include="include\MeshFilter.h">
      <Filter>Header Files</Filter>
    </ClInclude>
    <ClInclude Include="include\MeshRenderer.h">
      <Filter>Header Files</Filter>
    </ClInclude>
    <ClInclude Include="include\Mesh.h">
      <Filter>Header Files</Filter>
    </ClInclude>
    <ClInclude Include="include\LineRenderer.h">
      <Filter>Header Files</Filter>
    </ClInclude>
    <ClInclude Include="include\RenderingStrategy.h">
      <Filter>Header Files</Filter>
    </ClInclude>
    <ClInclude Include="include\ForwardRenderingStrategy.h">
      <Filter>Header Files</Filter>
    </ClInclude>
    <ClInclude Include="include\FixedFunctionRenderingStrategy.h">
      <Filter>Header Files</Filter>
    </ClInclude>
    <ClInclude Include="include\DeferredRenderingStrategy.h">
      <Filter>Header Files</Filter>
    </ClInclude>
    <ClInclude Include="include\RenderBatch.h">
      <Filter>Header Files</Filter>
    </ClInclude>
    <ClInclude Include="include\MaterialGroupsBatchingStrategy.h">
      <Filter>Header Files</Filter>
    </ClInclude>
    <ClInclude Include="include\RenderBatchingStrategy.h">
      <Filter>Header Files</Filter>
    </ClInclude>
    <ClInclude Include="include\RenderingStatistics.h">
      <Filter>Header Files</Filter>
    </ClInclude>
    <ClInclude Include="include\UnorderedSingleGroupBatchingStrategy.h">
      <Filter>Header Files</Filter>
    </ClInclude>
    <ClInclude Include="include\PointLight.h">
      <Filter>Header Files</Filter>
    </ClInclude>
    <ClInclude Include="include\DirectionalLight.h">
      <Filter>Header Files</Filter>
    </ClInclude>
    <ClInclude Include="include\ModelImporter.h">
      <Filter>Header Files</Filter>
    </ClInclude>
    <ClInclude Include="include\AssimpUtils.h">
      <Filter>Header Files</Filter>
    </ClInclude>
    <ClInclude Include="include\File.h">
      <Filter>Header Files</Filter>
    </ClInclude>
    <ClInclude Include="include\Thread.h">
      <Filter>Header Files</Filter>
    </ClInclude>
    <ClInclude Include="include\AABB.h">
      <Filter>Header Files</Filter>
    </ClInclude>
    <ClInclude Include="include\TextureImporter.h">
      <Filter>Header Files</Filter>
    </ClInclude>
    <ClInclude Include="include\Colors.h">
      <Filter>Header Files</Filter>
    </ClInclude>
  </ItemGroup>
  <ItemGroup>
    <ClCompile Include="src\Application.cpp">
      <Filter>Source Files</Filter>
    </ClCompile>
    <ClCompile Include="src\Camera.cpp">
      <Filter>Source Files</Filter>
    </ClCompile>
    <ClCompile Include="src\FileReader.cpp">
      <Filter>Source Files</Filter>
    </ClCompile>
    <ClCompile Include="src\Material.cpp">
      <Filter>Source Files</Filter>
    </ClCompile>
    <ClCompile Include="src\Random.cpp">
      <Filter>Source Files</Filter>
    </ClCompile>
    <ClCompile Include="src\Shader.cpp">
      <Filter>Source Files</Filter>
    </ClCompile>
    <ClCompile Include="src\ShaderSource.cpp">
      <Filter>Source Files</Filter>
    </ClCompile>
    <ClCompile Include="src\StandardGeometries.cpp">
      <Filter>Source Files</Filter>
    </ClCompile>
    <ClCompile Include="src\StringUtils.cpp">
      <Filter>Source Files</Filter>
    </ClCompile>
    <ClCompile Include="src\ShaderRegistry.cpp">
      <Filter>Source Files</Filter>
    </ClCompile>
    <ClCompile Include="src\Directory.cpp">
      <Filter>Source Files</Filter>
    </ClCompile>
    <ClCompile Include="src\Font.cpp">
      <Filter>Source Files</Filter>
    </ClCompile>
    <ClCompile Include="src\FontRegistry.cpp">
      <Filter>Source Files</Filter>
    </ClCompile>
    <ClCompile Include="src\LineStrip.cpp">
      <Filter>Source Files</Filter>
    </ClCompile>
    <ClCompile Include="src\Points.cpp">
      <Filter>Source Files</Filter>
    </ClCompile>
    <ClCompile Include="src\Input.cpp">
      <Filter>Source Files</Filter>
    </ClCompile>
    <ClCompile Include="src\FirstPersonCameraController.cpp">
      <Filter>Source Files</Filter>
    </ClCompile>
    <ClCompile Include="src\GameObject.cpp">
      <Filter>Source Files</Filter>
    </ClCompile>
    <ClCompile Include="src\Component.cpp">
      <Filter>Source Files</Filter>
    </ClCompile>
    <ClCompile Include="src\Renderer.cpp">
      <Filter>Source Files</Filter>
    </ClCompile>
    <ClCompile Include="src\PointsRenderer.cpp">
      <Filter>Source Files</Filter>
    </ClCompile>
    <ClCompile Include="src\Light.cpp">
      <Filter>Source Files</Filter>
    </ClCompile>
    <ClCompile Include="src\Behaviour.cpp">
      <Filter>Source Files</Filter>
    </ClCompile>
    <ClCompile Include="src\MeshFilter.cpp">
      <Filter>Source Files</Filter>
    </ClCompile>
    <ClCompile Include="src\MeshRenderer.cpp">
      <Filter>Source Files</Filter>
    </ClCompile>
    <ClCompile Include="src\Mesh.cpp">
      <Filter>Source Files</Filter>
    </ClCompile>
    <ClCompile Include="src\LineRenderer.cpp">
      <Filter>Source Files</Filter>
    </ClCompile>
    <ClCompile Include="src\ForwardRenderingStrategy.cpp">
      <Filter>Source Files</Filter>
    </ClCompile>
    <ClCompile Include="src\FixedFunctionRenderingStrategy.cpp">
      <Filter>Source Files</Filter>
    </ClCompile>
    <ClCompile Include="src\DeferredRenderingStrategy.cpp">
      <Filter>Source Files</Filter>
    </ClCompile>
    <ClCompile Include="src\MaterialGroupsBatchingStrategy.cpp">
      <Filter>Source Files</Filter>
    </ClCompile>
    <ClCompile Include="src\UnorderedSingleGroupBatchingStrategy.cpp">
      <Filter>Source Files</Filter>
    </ClCompile>
    <ClCompile Include="src\Texture.cpp">
      <Filter>Source Files</Filter>
    </ClCompile>
    <ClCompile Include="src\PointLight.cpp">
      <Filter>Source Files</Filter>
    </ClCompile>
    <ClCompile Include="src\DirectionalLight.cpp">
      <Filter>Source Files</Filter>
    </ClCompile>
    <ClCompile Include="src\ModelImporter.cpp">
      <Filter>Source Files</Filter>
    </ClCompile>
    <ClCompile Include="src\File.cpp">
      <Filter>Source Files</Filter>
    </ClCompile>
    <ClCompile Include="src\TextureImporter.cpp">
      <Filter>Source Files</Filter>
    </ClCompile>
    <ClCompile Include="src\Colors.cpp">
      <Filter>Source Files</Filter>
    </ClCompile>
  </ItemGroup>
  <ItemGroup>
    <None Include="shaders\BumpedDiffuse.frag">
      <Filter>Shader Files</Filter>
    </None>
    <None Include="shaders\BumpedDiffuse.vert">
      <Filter>Shader Files</Filter>
    </None>
    <None Include="shaders\BumpedSpecular.frag">
      <Filter>Shader Files</Filter>
    </None>
    <None Include="shaders\BumpedSpecular.vert">
      <Filter>Shader Files</Filter>
    </None>
    <None Include="shaders\Diffuse.frag">
      <Filter>Shader Files</Filter>
    </None>
    <None Include="shaders\Diffuse.vert">
      <Filter>Shader Files</Filter>
    </None>
    <None Include="shaders\FastCG.glsl">
      <Filter>Shader Files</Filter>
    </None>
    <None Include="shaders\Font.frag">
      <Filter>Shader Files</Filter>
    </None>
    <None Include="shaders\Font.vert">
      <Filter>Shader Files</Filter>
    </None>
    <None Include="shaders\Lighting.glsl">
      <Filter>Shader Files</Filter>
    </None>
    <None Include="shaders\LineStrip.frag">
      <Filter>Shader Files</Filter>
    </None>
    <None Include="shaders\LineStrip.vert">
      <Filter>Shader Files</Filter>
    </None>
    <None Include="shaders\Points.frag">
      <Filter>Shader Files</Filter>
    </None>
    <None Include="shaders\Points.vert">
      <Filter>Shader Files</Filter>
    </None>
    <None Include="shaders\SolidColor.frag">
      <Filter>Shader Files</Filter>
    </None>
    <None Include="shaders\SolidColor.vert">
      <Filter>Shader Files</Filter>
    </None>
    <None Include="shaders\Specular.frag">
      <Filter>Shader Files</Filter>
    </None>
    <None Include="shaders\Specular.vert">
      <Filter>Shader Files</Filter>
    </None>
    <None Include="shaders\deferred\BumpedDiffuse.frag">
      <Filter>Shader Files\Deferred</Filter>
    </None>
    <None Include="shaders\deferred\BumpedDiffuse.vert">
      <Filter>Shader Files\Deferred</Filter>
    </None>
    <None Include="shaders\deferred\BumpedSpecular.frag">
      <Filter>Shader Files\Deferred</Filter>
    </None>
    <None Include="shaders\deferred\BumpedSpecular.vert">
      <Filter>Shader Files\Deferred</Filter>
    </None>
    <None Include="shaders\deferred\Diffuse.frag">
      <Filter>Shader Files\Deferred</Filter>
    </None>
    <None Include="shaders\deferred\Diffuse.vert">
      <Filter>Shader Files\Deferred</Filter>
    </None>
    <None Include="shaders\deferred\DirectionalLightPass.frag">
      <Filter>Shader Files\Deferred</Filter>
    </None>
    <None Include="shaders\deferred\DirectionalLightPass.vert">
      <Filter>Shader Files\Deferred</Filter>
    </None>
    <None Include="shaders\deferred\FastCG.glsl">
      <Filter>Shader Files\Deferred</Filter>
    </None>
    <None Include="shaders\deferred\Font.frag">
      <Filter>Shader Files\Deferred</Filter>
    </None>
    <None Include="shaders\deferred\Font.vert">
      <Filter>Shader Files\Deferred</Filter>
    </None>
    <None Include="shaders\deferred\LineStrip.frag">
      <Filter>Shader Files\Deferred</Filter>
    </None>
    <None Include="shaders\deferred\LineStrip.vert">
      <Filter>Shader Files\Deferred</Filter>
    </None>
    <None Include="shaders\deferred\PointLightPass.frag">
      <Filter>Shader Files\Deferred</Filter>
    </None>
    <None Include="shaders\deferred\PointLightPass.vert">
      <Filter>Shader Files\Deferred</Filter>
    </None>
    <None Include="shaders\deferred\Points.frag">
      <Filter>Shader Files\Deferred</Filter>
    </None>
    <None Include="shaders\deferred\Points.vert">
      <Filter>Shader Files\Deferred</Filter>
    </None>
    <None Include="shaders\deferred\SolidColor.frag">
      <Filter>Shader Files\Deferred</Filter>
    </None>
    <None Include="shaders\deferred\SolidColor.vert">
      <Filter>Shader Files\Deferred</Filter>
    </None>
    <None Include="shaders\deferred\Specular.frag">
      <Filter>Shader Files\Deferred</Filter>
    </None>
    <None Include="shaders\deferred\Specular.vert">
      <Filter>Shader Files\Deferred</Filter>
    </None>
    <None Include="shaders\deferred\SSAOBlurPass.frag">
      <Filter>Shader Files\Deferred</Filter>
    </None>
    <None Include="shaders\deferred\SSAOBlurPass.vert">
      <Filter>Shader Files\Deferred</Filter>
    </None>
    <None Include="shaders\deferred\SSAOHighFrequencyPass.frag">
      <Filter>Shader Files\Deferred</Filter>
    </None>
    <None Include="shaders\deferred\SSAOHighFrequencyPass.vert">
      <Filter>Shader Files\Deferred</Filter>
    </None>
    <None Include="shaders\deferred\StencilPass.frag">
      <Filter>Shader Files\Deferred</Filter>
    </None>
    <None Include="shaders\deferred\StencilPass.vert">
      <Filter>Shader Files\Deferred</Filter>
    </None>
  </ItemGroup>
</Project>