<?xml version="1.0" encoding="utf-8"?>
<Project ToolsVersion="4.0" xmlns="http://schemas.microsoft.com/developer/msbuild/2003">
  <ItemGroup>
    <Filter Include="Source Files">
      <UniqueIdentifier>{4FC737F1-C7A5-4376-A066-2A32D752A2FF}</UniqueIdentifier>
      <Extensions>cpp;c;cc;cxx;def;odl;idl;hpj;bat;asm;asmx</Extensions>
    </Filter>
    <Filter Include="Header Files">
      <UniqueIdentifier>{93995380-89BD-4b04-88EB-625FBE52EBFB}</UniqueIdentifier>
      <Extensions>h;hpp;hxx;hm;inl;inc;xsd</Extensions>
    </Filter>
    <Filter Include="Shader Files">
      <UniqueIdentifier>{f3d9e45d-8d00-416a-bc6f-aa764daef6f9}</UniqueIdentifier>
    </Filter>
  </ItemGroup>
  <ItemGroup>
    <ClInclude Include="src\BumpMappingApplication.h">
      <Filter>Header Files</Filter>
    </ClInclude>
  </ItemGroup>
  <ItemGroup>
    <ClCompile Include="src\BumpMappingApplication.cpp">
      <Filter>Source Files</Filter>
    </ClCompile>
    <ClCompile Include="src\main.cpp">
      <Filter>Source Files</Filter>
    </ClCompile>
  </ItemGroup>
  <ItemGroup>
    <None Include="shaders\BumpedDiffuse.frag">
      <Filter>Shader Files</Filter>
    </None>
    <None Include="shaders\BumpedDiffuse.vert">
      <Filter>Shader Files</Filter>
    </None>
    <None Include="shaders\FastCG.glsl">
      <Filter>Shader Files</Filter>
    </None>
    <None Include="shaders\BumpedSpecular.frag">
      <Filter>Shader Files</Filter>
    </None>
    <None Include="shaders\BumpedSpecular.vert">
      <Filter>Shader Files</Filter>
    </None>
    <None Include="shaders\Font.frag">
      <Filter>Shader Files</Filter>
    </None>
    <None Include="shaders\Font.vert">
      <Filter>Shader Files</Filter>
    </None>
  </ItemGroup>
</Project>