<?xml version="1.0" encoding="utf-8"?>
<Project ToolsVersion="4.0" xmlns="http://schemas.microsoft.com/developer/msbuild/2003">
  <ItemGroup>
    <Filter Include="Source Files">
      <UniqueIdentifier>{4FC737F1-C7A5-4376-A066-2A32D752A2FF}</UniqueIdentifier>
      <Extensions>cpp;c;cc;cxx;def;odl;idl;hpj;bat;asm;asmx</Extensions>
    </Filter>
    <Filter Include="Header Files">
      <UniqueIdentifier>{93995380-89BD-4b04-88EB-625FBE52EBFB}</UniqueIdentifier>
      <Extensions>h;hpp;hxx;hm;inl;inc;xsd</Extensions>
    </Filter>
    <Filter Include="Shader Files">
      <UniqueIdentifier>{ecb23fb7-ffe1-4dd1-8836-b9653c9c1073}</UniqueIdentifier>
      <Extensions>glsl;vert;frag</Extensions>
    </Filter>
    <Filter Include="Shader Files\Deferred">
      <UniqueIdentifier>{9f270e0e-9c00-4398-a50f-c0de4f3c37d2}</UniqueIdentifier>
    </Filter>
  </ItemGroup>
  <ItemGroup>
    <ClCompile Include="src\main.cpp">
      <Filter>Source Files</Filter>
    </ClCompile>
    <ClCompile Include="src\DeferredShadingApplication.cpp">
      <Filter>Source Files</Filter>
    </ClCompile>
    <ClCompile Include="src\KeyBindings.cpp">
      <Filter>Source Files</Filter>
    </ClCompile>
    <ClCompile Include="src\LightsAnimator.cpp">
      <Filter>Source Files</Filter>
    </ClCompile>
    <ClCompile Include="src\SpheresAnimator.cpp">
      <Filter>Source Files</Filter>
    </ClCompile>
  </ItemGroup>
  <ItemGroup>
    <ClInclude Include="src\DeferredShadingApplication.h">
      <Filter>Header Files</Filter>
    </ClInclude>
    <ClInclude Include="src\KeyBindings.h">
      <Filter>Header Files</Filter>
    </ClInclude>
    <ClInclude Include="src\LightsAnimator.h">
      <Filter>Header Files</Filter>
    </ClInclude>
    <ClInclude Include="src\SpheresAnimator.h">
      <Filter>Header Files</Filter>
    </ClInclude>
  </ItemGroup>
  <ItemGroup>
    <None Include="shaders\deferred\Diffuse.frag">
      <Filter>Shader Files\Deferred</Filter>
    </None>
    <None Include="shaders\deferred\Diffuse.vert">
      <Filter>Shader Files\Deferred</Filter>
    </None>
    <None Include="shaders\deferred\DirectionalLightPass.frag">
      <Filter>Shader Files\Deferred</Filter>
    </None>
    <None Include="shaders\deferred\DirectionalLightPass.vert">
      <Filter>Shader Files\Deferred</Filter>
    </None>
    <None Include="shaders\deferred\Font.frag">
      <Filter>Shader Files\Deferred</Filter>
    </None>
    <None Include="shaders\deferred\Font.vert">
      <Filter>Shader Files\Deferred</Filter>
    </None>
    <None Include="shaders\deferred\LineStrip.frag">
      <Filter>Shader Files\Deferred</Filter>
    </None>
    <None Include="shaders\deferred\LineStrip.vert">
      <Filter>Shader Files\Deferred</Filter>
    </None>
    <None Include="shaders\deferred\PointLightPass.frag">
      <Filter>Shader Files\Deferred</Filter>
    </None>
    <None Include="shaders\deferred\PointLightPass.vert">
      <Filter>Shader Files\Deferred</Filter>
    </None>
    <None Include="shaders\deferred\Points.frag">
      <Filter>Shader Files\Deferred</Filter>
    </None>
    <None Include="shaders\deferred\Points.vert">
      <Filter>Shader Files\Deferred</Filter>
    </None>
    <None Include="shaders\deferred\StencilPass.frag">
      <Filter>Shader Files\Deferred</Filter>
    </None>
    <None Include="shaders\deferred\StencilPass.vert">
      <Filter>Shader Files\Deferred</Filter>
    </None>
    <None Include="shaders\deferred\Specular.frag">
      <Filter>Shader Files\Deferred</Filter>
    </None>
    <None Include="shaders\deferred\Specular.vert">
      <Filter>Shader Files\Deferred</Filter>
    </None>
    <None Include="shaders\deferred\SolidColor.frag">
      <Filter>Shader Files\Deferred</Filter>
    </None>
    <None Include="shaders\deferred\SolidColor.vert">
      <Filter>Shader Files\Deferred</Filter>
    </None>
    <None Include="shaders\deferred\SSAOHighFrequencyPass.vert">
      <Filter>Shader Files\Deferred</Filter>
    </None>
    <None Include="shaders\deferred\SSAOHighFrequencyPass.frag">
      <Filter>Shader Files\Deferred</Filter>
    </None>
    <None Include="shaders\deferred\FastCG.glsl">
      <Filter>Shader Files\Deferred</Filter>
    </None>
    <None Include="shaders\deferred\BumpedDiffuse.frag">
      <Filter>Shader Files\Deferred</Filter>
    </None>
    <None Include="shaders\deferred\BumpedDiffuse.vert">
      <Filter>Shader Files\Deferred</Filter>
    </None>
    <None Include="shaders\deferred\BumpedSpecular.frag">
      <Filter>Shader Files\Deferred</Filter>
    </None>
    <None Include="shaders\deferred\BumpedSpecular.vert">
      <Filter>Shader Files\Deferred</Filter>
    </None>
  </ItemGroup>
</Project>